
Microsoft Visual Studio Solution File, Format Version 12.00
# Visual Studio Version 17
VisualStudioVersion = 17.8.34525.116
MinimumVisualStudioVersion = 10.0.40219.1
Project("{FAE04EC0-301F-11D3-BF4B-00C04F79EFBC}") = "Курсовая", "Курсовая\Курсовая.csproj", "{8FF3D884-6328-4965-8492-BE3FBE09E2BB}"
EndProject
Global
	GlobalSection(SolutionConfigurationPlatforms) = preSolution
		Debug|Any CPU = Debug|Any CPU
		Release|Any CPU = Release|Any CPU
	EndGlobalSection
	GlobalSection(ProjectConfigurationPlatforms) = postSolution
		{8FF3D884-6328-4965-8492-BE3FBE09E2BB}.Debug|Any CPU.ActiveCfg = Debug|Any CPU
		{8FF3D884-6328-4965-8492-BE3FBE09E2BB}.Debug|Any CPU.Build.0 = Debug|Any CPU
		{8FF3D884-6328-4965-8492-BE3FBE09E2BB}.Release|Any CPU.ActiveCfg = Release|Any CPU
		{8FF3D884-6328-4965-8492-BE3FBE09E2BB}.Release|Any CPU.Build.0 = Release|Any CPU
	EndGlobalSection
	GlobalSection(SolutionProperties) = preSolution
		HideSolutionNode = FALSE
	EndGlobalSection
	GlobalSection(ExtensibilityGlobals) = postSolution
		SolutionGuid = {758647AD-EDDA-4122-9CAF-3709B4F715F2}
	EndGlobalSection
EndGlobal
